
Microsoft Visual Studio Solution File, Format Version 12.00
# Visual Studio Version 17
VisualStudioVersion = 17.5.33516.290
MinimumVisualStudioVersion = 10.0.40219.1
Project("{FAE04EC0-301F-11D3-BF4B-00C04F79EFBC}") = "Checker.Wpf", "Checker.Wpf\Checker.Wpf.csproj", "{B0F73FB8-07A6-4DD6-8EBE-AA78D6EAFEE8}"
EndProject
Global
	GlobalSection(SolutionConfigurationPlatforms) = preSolution
		Debug|Any CPU = Debug|Any CPU
		Release|Any CPU = Release|Any CPU
	EndGlobalSection
	GlobalSection(ProjectConfigurationPlatforms) = postSolution
		{B0F73FB8-07A6-4DD6-8EBE-AA78D6EAFEE8}.Debug|Any CPU.ActiveCfg = Debug|Any CPU
		{B0F73FB8-07A6-4DD6-8EBE-AA78D6EAFEE8}.Debug|Any CPU.Build.0 = Debug|Any CPU
		{B0F73FB8-07A6-4DD6-8EBE-AA78D6EAFEE8}.Release|Any CPU.ActiveCfg = Release|Any CPU
		{B0F73FB8-07A6-4DD6-8EBE-AA78D6EAFEE8}.Release|Any CPU.Build.0 = Release|Any CPU
	EndGlobalSection
	GlobalSection(SolutionProperties) = preSolution
		HideSolutionNode = FALSE
	EndGlobalSection
	GlobalSection(ExtensibilityGlobals) = postSolution
		SolutionGuid = {70CD9B0E-34BE-4702-A0F9-C31F626ABA4A}
	EndGlobalSection
EndGlobal
